
Microsoft Visual Studio Solution File, Format Version 12.00
# Visual Studio Version 16
VisualStudioVersion = 16.0.28711.60
MinimumVisualStudioVersion = 10.0.40219.1
Project("{9A19103F-16F7-4668-BE54-9A1E7A4F7556}") = "XiangruiCloudChat.Server", "XiangruiCloudChat.Server\XiangruiCloudChat.Server.csproj", "{F8FFD255-0835-4D39-BA27-D2723983AA1A}"
EndProject
Project("{2150E333-8FDC-42A3-9474-1A3956D46DE8}") = "附加文件", "附加文件", "{AAD3506B-327F-4975-974E-B66CAA5F04D8}"
	ProjectSection(SolutionItems) = preProject
		LICENSE = LICENSE
		README.md = README.md
	EndProjectSection
EndProject
Global
	GlobalSection(SolutionConfigurationPlatforms) = preSolution
		Debug|Any CPU = Debug|Any CPU
		Release|Any CPU = Release|Any CPU
	EndGlobalSection
	GlobalSection(ProjectConfigurationPlatforms) = postSolution
		{F8FFD255-0835-4D39-BA27-D2723983AA1A}.Debug|Any CPU.ActiveCfg = Debug|Any CPU
		{F8FFD255-0835-4D39-BA27-D2723983AA1A}.Debug|Any CPU.Build.0 = Debug|Any CPU
		{F8FFD255-0835-4D39-BA27-D2723983AA1A}.Release|Any CPU.ActiveCfg = Release|Any CPU
		{F8FFD255-0835-4D39-BA27-D2723983AA1A}.Release|Any CPU.Build.0 = Release|Any CPU
	EndGlobalSection
	GlobalSection(SolutionProperties) = preSolution
		HideSolutionNode = FALSE
	EndGlobalSection
	GlobalSection(ExtensibilityGlobals) = postSolution
		SolutionGuid = {4E8E1BB0-DB9A-4501-8019-FD0F77D822E2}
	EndGlobalSection
EndGlobal
